{
  "name": "gnofi",
  "lockfileVersion": 3,
  "requires": true,
  "packages": {
    "": {
      "name": "gnofi",
      "devDependencies": {
        "@girs/gdkpixbuf-2.0": "latest",
        "@girs/gio-2.0": "latest",
        "@girs/gjs": "latest",
        "typescript": "latest"
      },
      "peerDependencies": {
        "fuse.js": "^7.1.0",
        "gnim": "^1.6.3"
      }
    },
    "node_modules/@girs/cairo-1.0": {
      "version": "1.0.0-4.0.0-beta.36",
      "resolved": "https://registry.npmjs.org/@girs/cairo-1.0/-/cairo-1.0-1.0.0-4.0.0-beta.36.tgz",
      "integrity": "sha512-O2IeEZoTzPuSLPvA9XLy61yOw93dglms4NdK15F50xlkLxHWJ1Az38MY/iZvnm067aCU6FbETElgj678bEYKqw==",
      "dev": true,
      "license": "MIT",
      "dependencies": {
        "@girs/gjs": "4.0.0-beta.36",
        "@girs/glib-2.0": "2.84.4-4.0.0-beta.36",
        "@girs/gobject-2.0": "2.84.4-4.0.0-beta.36"
      }
    },
    "node_modules/@girs/gdkpixbuf-2.0": {
      "version": "2.0.0-4.0.0-beta.36",
      "resolved": "https://registry.npmjs.org/@girs/gdkpixbuf-2.0/-/gdkpixbuf-2.0-2.0.0-4.0.0-beta.36.tgz",
      "integrity": "sha512-9SjX+qNZwdAGXSHDvFCgZkdGO6KJ7l6qBXE2OUb2jBfOkZ2lqCYrtU2krS9SKSf0fES1sLqMU3M7tPq9mtxAEw==",
      "dev": true,
      "license": "MIT",
      "dependencies": {
        "@girs/gio-2.0": "2.84.4-4.0.0-beta.36",
        "@girs/gjs": "4.0.0-beta.36",
        "@girs/glib-2.0": "2.84.4-4.0.0-beta.36",
        "@girs/gmodule-2.0": "2.0.0-4.0.0-beta.36",
        "@girs/gobject-2.0": "2.84.4-4.0.0-beta.36"
      }
    },
    "node_modules/@girs/gio-2.0": {
      "version": "2.84.4-4.0.0-beta.36",
      "resolved": "https://registry.npmjs.org/@girs/gio-2.0/-/gio-2.0-2.84.4-4.0.0-beta.36.tgz",
      "integrity": "sha512-/3pbUqTEgZjLa/QNAqyxTc9Nil0dP0cAHRgbHxUSUNOdnBKgOQhGm3QK6Nmg4SOYMDD0dtTbiAIuIDkT5mgixw==",
      "dev": true,
      "license": "MIT",
      "dependencies": {
        "@girs/gjs": "4.0.0-beta.36",
        "@girs/glib-2.0": "2.84.4-4.0.0-beta.36",
        "@girs/gmodule-2.0": "2.0.0-4.0.0-beta.36",
        "@girs/gobject-2.0": "2.84.4-4.0.0-beta.36"
      }
    },
    "node_modules/@girs/gjs": {
      "version": "4.0.0-beta.36",
      "resolved": "https://registry.npmjs.org/@girs/gjs/-/gjs-4.0.0-beta.36.tgz",
      "integrity": "sha512-+atqUVQ0CdaMnggdw4D/+77VMXr64eI32mBoc1hLuN/GrSGxl3aAJJQ1NUQyP4fFPgxx0nCWQ2XVI6B9Poe0QQ==",
      "dev": true,
      "license": "MIT",
      "dependencies": {
        "@girs/cairo-1.0": "1.0.0-4.0.0-beta.36",
        "@girs/gio-2.0": "2.84.4-4.0.0-beta.36",
        "@girs/glib-2.0": "2.84.4-4.0.0-beta.36",
        "@girs/gobject-2.0": "2.84.4-4.0.0-beta.36"
      }
    },
    "node_modules/@girs/glib-2.0": {
      "version": "2.84.4-4.0.0-beta.36",
      "resolved": "https://registry.npmjs.org/@girs/glib-2.0/-/glib-2.0-2.84.4-4.0.0-beta.36.tgz",
      "integrity": "sha512-LtKPerRw0UoXTFcRjhzXwjytPHqndPisFytEoC4vS5vuEirUIbYT7zTUSwp9VjUASmtQy0sUgqwzyPH/IYMINQ==",
      "dev": true,
      "license": "MIT",
      "dependencies": {
        "@girs/gjs": "4.0.0-beta.36",
        "@girs/gobject-2.0": "2.84.4-4.0.0-beta.36"
      }
    },
    "node_modules/@girs/gmodule-2.0": {
      "version": "2.0.0-4.0.0-beta.36",
      "resolved": "https://registry.npmjs.org/@girs/gmodule-2.0/-/gmodule-2.0-2.0.0-4.0.0-beta.36.tgz",
      "integrity": "sha512-1vMjq1WuUG1dh73pB9zm60yfNI+xFZ5trFaC9yMV8Adla6XmCMx+XzPFmFUdBGHrZUpjFNbwl6J4g3U046SRCg==",
      "dev": true,
      "license": "MIT",
      "dependencies": {
        "@girs/gjs": "4.0.0-beta.36",
        "@girs/glib-2.0": "2.84.4-4.0.0-beta.36",
        "@girs/gobject-2.0": "2.84.4-4.0.0-beta.36"
      }
    },
    "node_modules/@girs/gobject-2.0": {
      "version": "2.84.4-4.0.0-beta.36",
      "resolved": "https://registry.npmjs.org/@girs/gobject-2.0/-/gobject-2.0-2.84.4-4.0.0-beta.36.tgz",
      "integrity": "sha512-FBnt0tOs+y7QhUxST7Yg8RjVQ+PHXy1AmUZ6b3ZAtGwhSwRe/52JixsmfUsy0LIZSNaBLeMIQlISLOWKvcrHvw==",
      "dev": true,
      "license": "MIT",
      "dependencies": {
        "@girs/gjs": "4.0.0-beta.36",
        "@girs/glib-2.0": "2.84.4-4.0.0-beta.36"
      }
    },
    "node_modules/fuse.js": {
      "version": "7.1.0",
      "resolved": "https://registry.npmjs.org/fuse.js/-/fuse.js-7.1.0.tgz",
      "integrity": "sha512-trLf4SzuuUxfusZADLINj+dE8clK1frKdmqiJNb1Es75fmI5oY6X2mxLVUciLLjxqw/xr72Dhy+lER6dGd02FQ==",
      "license": "Apache-2.0",
      "peer": true,
      "engines": {
        "node": ">=10"
      }
    },
    "node_modules/gnim": {
      "version": "1.6.5",
      "resolved": "https://registry.npmjs.org/gnim/-/gnim-1.6.5.tgz",
      "integrity": "sha512-I6fBT1NYULHejftt8MBQI5dYvDrXcwUVeP2UewqsKR96Q856+qS9uolTRz6c+tsarjsQeDwd/I4YDEdViuZtUw==",
      "license": "MIT",
      "peer": true,
      "engines": {
        "gjs": ">=1.79.0"
      },
      "funding": {
        "type": "kofi",
        "url": "https://ko-fi.com/aylur"
      }
    },
    "node_modules/typescript": {
      "version": "5.9.2",
      "resolved": "https://registry.npmjs.org/typescript/-/typescript-5.9.2.tgz",
      "integrity": "sha512-CWBzXQrc/qOkhidw1OzBTQuYRbfyxDXJMVJ1XNwUHGROVmuaeiEm3OslpZ1RV96d7SKKjZKrSJu3+t/xlw3R9A==",
      "dev": true,
      "license": "Apache-2.0",
      "bin": {
        "tsc": "bin/tsc",
        "tsserver": "bin/tsserver"
      },
      "engines": {
        "node": ">=14.17"
      }
    }
  }
}
