lockfileVersion: '9.0'

settings:
  autoInstallPeers: true
  excludeLinksFromLockfile: false

importers:

  .:
    dependencies:
      fuse.js:
        specifier: ^7.1.0
        version: 7.1.0
      gnim:
        specifier: ^1.5.5
        version: 1.5.5
    devDependencies:
      '@girs/gdkpixbuf-2.0':
        specifier: latest
        version: 2.0.0-4.0.0-beta.34
      '@girs/gio-2.0':
        specifier: latest
        version: 2.84.4-4.0.0-beta.34
      '@girs/gjs':
        specifier: latest
        version: 4.0.0-beta.34

packages:

  '@girs/cairo-1.0@1.0.0-4.0.0-beta.34':
    resolution: {integrity: sha512-eAQUId7wNsfRpRjG2r3F6o5vyTuMU+TJFnGQ7kWqZpbJGTQLTG7rpTK6w5y7LrAX/aSICDevHDJphU39tYsbfQ==}

  '@girs/gdkpixbuf-2.0@2.0.0-4.0.0-beta.34':
    resolution: {integrity: sha512-PPkfFH2xhTWP+tat+7Uf0Y01he+l0MqiTQq8MtK1QiPqKSMH6ZjjJlTyBKn4LiHsmUURufbpc3Er//BEW6xhQA==}

  '@girs/gio-2.0@2.84.4-4.0.0-beta.34':
    resolution: {integrity: sha512-gbOS0xRJff5o0cs4BFx8uAmUN+RWWNrBHA5CE6woR8FtNYhP5/KOFza84dgbpiRdl7EWhv33erKtH20PkWvVJA==}

  '@girs/gjs@4.0.0-beta.34':
    resolution: {integrity: sha512-me2dEzf1vLMC6+jOPhjTMBfyd4xNpcG6rq/f2FeDJGMByTvKLF/7EviFSm5v+unGOAJc/0Ewn5w6AUUcCShgdA==}

  '@girs/glib-2.0@2.84.4-4.0.0-beta.34':
    resolution: {integrity: sha512-ZTDwTqyLe4HgVL9fkjlkWU2HVZy/RZpt/1laI+3ZgdQq8gKOEkI+ega1p/JsqYsbazOid+qxGiwLffDcYAsb+A==}

  '@girs/gmodule-2.0@2.0.0-4.0.0-beta.34':
    resolution: {integrity: sha512-0+OV/qaQk7s8+qcxvZmuiGRCMQQH5EvIDDY3cOra4HGjVHmweWrCLzHzpI/80v+VFhJ2YeW9M/jY2yt7VfqRGg==}

  '@girs/gobject-2.0@2.84.4-4.0.0-beta.34':
    resolution: {integrity: sha512-wmYqt/dqxcYjONeA0vQi1RGQslQzTExooUL3LUoAxYgO9+WpDkKiTQa7V530d9GJqc3Rr0E4HOJ5tBkpHj8VRA==}

  fuse.js@7.1.0:
    resolution: {integrity: sha512-trLf4SzuuUxfusZADLINj+dE8clK1frKdmqiJNb1Es75fmI5oY6X2mxLVUciLLjxqw/xr72Dhy+lER6dGd02FQ==}
    engines: {node: '>=10'}

  gnim@1.5.5:
    resolution: {integrity: sha512-C4/GeL+A83/LDHH9wQhkwMjVGFuAITfLsB761zmW6Hy5tO0FlfOrRtpYY5igzA1/UGYdfCLioYWtWb2kAzUduQ==}
    engines: {gjs: '>=1.79.0'}

snapshots:

  '@girs/cairo-1.0@1.0.0-4.0.0-beta.34':
    dependencies:
      '@girs/gjs': 4.0.0-beta.34
      '@girs/glib-2.0': 2.84.4-4.0.0-beta.34
      '@girs/gobject-2.0': 2.84.4-4.0.0-beta.34

  '@girs/gdkpixbuf-2.0@2.0.0-4.0.0-beta.34':
    dependencies:
      '@girs/gio-2.0': 2.84.4-4.0.0-beta.34
      '@girs/gjs': 4.0.0-beta.34
      '@girs/glib-2.0': 2.84.4-4.0.0-beta.34
      '@girs/gmodule-2.0': 2.0.0-4.0.0-beta.34
      '@girs/gobject-2.0': 2.84.4-4.0.0-beta.34

  '@girs/gio-2.0@2.84.4-4.0.0-beta.34':
    dependencies:
      '@girs/gjs': 4.0.0-beta.34
      '@girs/glib-2.0': 2.84.4-4.0.0-beta.34
      '@girs/gmodule-2.0': 2.0.0-4.0.0-beta.34
      '@girs/gobject-2.0': 2.84.4-4.0.0-beta.34

  '@girs/gjs@4.0.0-beta.34':
    dependencies:
      '@girs/cairo-1.0': 1.0.0-4.0.0-beta.34
      '@girs/gio-2.0': 2.84.4-4.0.0-beta.34
      '@girs/glib-2.0': 2.84.4-4.0.0-beta.34
      '@girs/gobject-2.0': 2.84.4-4.0.0-beta.34

  '@girs/glib-2.0@2.84.4-4.0.0-beta.34':
    dependencies:
      '@girs/gjs': 4.0.0-beta.34
      '@girs/gobject-2.0': 2.84.4-4.0.0-beta.34

  '@girs/gmodule-2.0@2.0.0-4.0.0-beta.34':
    dependencies:
      '@girs/gjs': 4.0.0-beta.34
      '@girs/glib-2.0': 2.84.4-4.0.0-beta.34
      '@girs/gobject-2.0': 2.84.4-4.0.0-beta.34

  '@girs/gobject-2.0@2.84.4-4.0.0-beta.34':
    dependencies:
      '@girs/gjs': 4.0.0-beta.34
      '@girs/glib-2.0': 2.84.4-4.0.0-beta.34

  fuse.js@7.1.0: {}

  gnim@1.5.5: {}
