lockfileVersion: '9.0'

settings:
  autoInstallPeers: true
  excludeLinksFromLockfile: false

importers:

  .:
    dependencies:
      fuse.js:
        specifier: ^7.1.0
        version: 7.1.0
      gnim:
        specifier: ^1.8.0
        version: 1.8.0
    devDependencies:
      '@girs/gdkpixbuf-2.0':
        specifier: latest
        version: 2.0.0-4.0.0-beta.38
      '@girs/gio-2.0':
        specifier: latest
        version: 2.86.0-4.0.0-beta.38
      '@girs/giounix-2.0':
        specifier: latest
        version: 2.0.0-4.0.0-beta.38
      '@girs/gjs':
        specifier: latest
        version: 4.0.0-beta.38
      typescript:
        specifier: latest
        version: 5.9.2

packages:

  '@girs/cairo-1.0@1.0.0-4.0.0-beta.38':
    resolution: {integrity: sha512-VJa0vw9teZjCydDzWIcbNBwT37MSej52rqwBuQ/ir7+72+7dpzeudkNOOif1nDIulGu+RLAy4cgWbguQhsUH/Q==}

  '@girs/gdkpixbuf-2.0@2.0.0-4.0.0-beta.38':
    resolution: {integrity: sha512-L8NE18rhj100lRGMnf7lNUdr6pHw2co1UtExxDnglba5lNee4NoyF/u8g4Mk3toPU0fAu+ug91HJ4o2mIJd7MQ==}

  '@girs/gio-2.0@2.86.0-4.0.0-beta.38':
    resolution: {integrity: sha512-hKCyDEqSIgqcZeFf63KNrUnrYtAuJ0yfIypbdLgNEMbJBPQ/e3ZiwzWa7i3OPCh52Cnl9qYRdj8MSbZndpyZiQ==}

  '@girs/giounix-2.0@2.0.0-4.0.0-beta.38':
    resolution: {integrity: sha512-dSEbx3f/qFQTJLDFYy8DK5YRMtNc3RnWTuTaaKVN8FMeTiJRLVED+uv5LLR1zvjGac0R1mg0wqpwRTybVhfUXA==}

  '@girs/gjs@4.0.0-beta.38':
    resolution: {integrity: sha512-eI/9lfI1mQpXN8RsKiNRFWJso6LgQe9Eb+YxLAdKarD5fccvIRx3chsyIyhw5tYH7VvgaZkqm1c4GX7pDDokBQ==}

  '@girs/glib-2.0@2.86.0-4.0.0-beta.38':
    resolution: {integrity: sha512-TFbrh5+Y3pb61synbhi37VrRzh0e+JQaRCzfGbe7oewUq0v7Sb8eSi2Fmj98r5tCizaRYptqgt6bxG7G5cFzVg==}

  '@girs/gmodule-2.0@2.0.0-4.0.0-beta.38':
    resolution: {integrity: sha512-BmspJtwdBSfCJRZQMxn3gx6H9FNcoqCebFXK2UKknq18DIo8U2q4iN/jQBWPoLh2siK9LhCdL2egoyXteTy1NA==}

  '@girs/gobject-2.0@2.86.0-4.0.0-beta.38':
    resolution: {integrity: sha512-oYrm6Gb/tCQosMkN8Beu5jqGRkJ7LED4O1H1dKYOI4SnP1Ojb66A9ECy78yTO8piBtMopsbRODV81yKniVtKKA==}

  fuse.js@7.1.0:
    resolution: {integrity: sha512-trLf4SzuuUxfusZADLINj+dE8clK1frKdmqiJNb1Es75fmI5oY6X2mxLVUciLLjxqw/xr72Dhy+lER6dGd02FQ==}
    engines: {node: '>=10'}

  gnim@1.8.0:
    resolution: {integrity: sha512-lsfZ+iXiy92zZyD8+R2NtS+JzvWF6VAsppmz3Xr7LyauH0/3E77JUF5HIS3iCOC1pSk9mL9GnxxAiOjdgBo7XQ==}
    engines: {gjs: '>=1.79.0'}

  typescript@5.9.2:
    resolution: {integrity: sha512-CWBzXQrc/qOkhidw1OzBTQuYRbfyxDXJMVJ1XNwUHGROVmuaeiEm3OslpZ1RV96d7SKKjZKrSJu3+t/xlw3R9A==}
    engines: {node: '>=14.17'}
    hasBin: true

snapshots:

  '@girs/cairo-1.0@1.0.0-4.0.0-beta.38':
    dependencies:
      '@girs/gjs': 4.0.0-beta.38
      '@girs/glib-2.0': 2.86.0-4.0.0-beta.38
      '@girs/gobject-2.0': 2.86.0-4.0.0-beta.38

  '@girs/gdkpixbuf-2.0@2.0.0-4.0.0-beta.38':
    dependencies:
      '@girs/gio-2.0': 2.86.0-4.0.0-beta.38
      '@girs/gjs': 4.0.0-beta.38
      '@girs/glib-2.0': 2.86.0-4.0.0-beta.38
      '@girs/gmodule-2.0': 2.0.0-4.0.0-beta.38
      '@girs/gobject-2.0': 2.86.0-4.0.0-beta.38

  '@girs/gio-2.0@2.86.0-4.0.0-beta.38':
    dependencies:
      '@girs/gjs': 4.0.0-beta.38
      '@girs/glib-2.0': 2.86.0-4.0.0-beta.38
      '@girs/gmodule-2.0': 2.0.0-4.0.0-beta.38
      '@girs/gobject-2.0': 2.86.0-4.0.0-beta.38

  '@girs/giounix-2.0@2.0.0-4.0.0-beta.38':
    dependencies:
      '@girs/gio-2.0': 2.86.0-4.0.0-beta.38
      '@girs/gjs': 4.0.0-beta.38
      '@girs/glib-2.0': 2.86.0-4.0.0-beta.38
      '@girs/gmodule-2.0': 2.0.0-4.0.0-beta.38
      '@girs/gobject-2.0': 2.86.0-4.0.0-beta.38

  '@girs/gjs@4.0.0-beta.38':
    dependencies:
      '@girs/cairo-1.0': 1.0.0-4.0.0-beta.38
      '@girs/gio-2.0': 2.86.0-4.0.0-beta.38
      '@girs/glib-2.0': 2.86.0-4.0.0-beta.38
      '@girs/gobject-2.0': 2.86.0-4.0.0-beta.38

  '@girs/glib-2.0@2.86.0-4.0.0-beta.38':
    dependencies:
      '@girs/gjs': 4.0.0-beta.38
      '@girs/gobject-2.0': 2.86.0-4.0.0-beta.38

  '@girs/gmodule-2.0@2.0.0-4.0.0-beta.38':
    dependencies:
      '@girs/gjs': 4.0.0-beta.38
      '@girs/glib-2.0': 2.86.0-4.0.0-beta.38
      '@girs/gobject-2.0': 2.86.0-4.0.0-beta.38

  '@girs/gobject-2.0@2.86.0-4.0.0-beta.38':
    dependencies:
      '@girs/gjs': 4.0.0-beta.38
      '@girs/glib-2.0': 2.86.0-4.0.0-beta.38

  fuse.js@7.1.0: {}

  gnim@1.8.0: {}

  typescript@5.9.2: {}
